Microsoft Visual Studio Solution File, Format Version 12.00
# Visual Studio Version 17
VisualStudioVersion = 17.0.32126.317
MinimumVisualStudioVersion = 15.0.26124.0
Project("{9A19103F-16F7-4668-BE54-9A1E7A4F7556}") = "Zip.InstallmentsService", "Zip.InstallmentsService\Zip.InstallmentsService.csproj", "{E7F1FB5D-5D7B-49D1-8F44-C31B60A7E1DC}"
EndProject
Project("{2150E333-8FDC-42A3-9474-1A3956D46DE8}") = "Code", "Code", "{533070D1-2AFC-45E4-AFF6-EEC1C63A0297}"
EndProject
Project("{2150E333-8FDC-42A3-9474-1A3956D46DE8}") = "Tests", "Tests", "{7DBA8FED-620C-4F4C-BC0B-4CAE21FADD63}"
EndProject
Project("{9A19103F-16F7-4668-BE54-9A1E7A4F7556}") = "Zip.Installments.API", "Zip.Installments.API\Zip.Installments.API.csproj", "{703C4132-F10E-4E48-B4E9-36C9404CA231}"
EndProject
Project("{FAE04EC0-301F-11D3-BF4B-00C04F79EFBC}") = "Zip.Installments.API.Tests", "Zip.Installments.API.Tests\Zip.Installments.API.Tests.csproj", "{F3C2A7A2-0FE1-444C-BB97-CE9E9065B922}"
EndProject
Global
	GlobalSection(SolutionConfigurationPlatforms) = preSolution
		Debug|Any CPU = Debug|Any CPU
		Debug|x64 = Debug|x64
		Debug|x86 = Debug|x86
		Release|Any CPU = Release|Any CPU
		Release|x64 = Release|x64
		Release|x86 = Release|x86
	EndGlobalSection
	GlobalSection(ProjectConfigurationPlatforms) = postSolution
		{E7F1FB5D-5D7B-49D1-8F44-C31B60A7E1DC}.Debug|Any CPU.ActiveCfg = Debug|Any CPU
		{E7F1FB5D-5D7B-49D1-8F44-C31B60A7E1DC}.Debug|Any CPU.Build.0 = Debug|Any CPU
		{E7F1FB5D-5D7B-49D1-8F44-C31B60A7E1DC}.Debug|x64.ActiveCfg = Debug|Any CPU
		{E7F1FB5D-5D7B-49D1-8F44-C31B60A7E1DC}.Debug|x64.Build.0 = Debug|Any CPU
		{E7F1FB5D-5D7B-49D1-8F44-C31B60A7E1DC}.Debug|x86.ActiveCfg = Debug|Any CPU
		{E7F1FB5D-5D7B-49D1-8F44-C31B60A7E1DC}.Debug|x86.Build.0 = Debug|Any CPU
		{E7F1FB5D-5D7B-49D1-8F44-C31B60A7E1DC}.Release|Any CPU.ActiveCfg = Release|Any CPU
		{E7F1FB5D-5D7B-49D1-8F44-C31B60A7E1DC}.Release|Any CPU.Build.0 = Release|Any CPU
		{E7F1FB5D-5D7B-49D1-8F44-C31B60A7E1DC}.Release|x64.ActiveCfg = Release|Any CPU
		{E7F1FB5D-5D7B-49D1-8F44-C31B60A7E1DC}.Release|x64.Build.0 = Release|Any CPU
		{E7F1FB5D-5D7B-49D1-8F44-C31B60A7E1DC}.Release|x86.ActiveCfg = Release|Any CPU
		{E7F1FB5D-5D7B-49D1-8F44-C31B60A7E1DC}.Release|x86.Build.0 = Release|Any CPU
		{703C4132-F10E-4E48-B4E9-36C9404CA231}.Debug|Any CPU.ActiveCfg = Debug|Any CPU
		{703C4132-F10E-4E48-B4E9-36C9404CA231}.Debug|Any CPU.Build.0 = Debug|Any CPU
		{703C4132-F10E-4E48-B4E9-36C9404CA231}.Debug|x64.ActiveCfg = Debug|Any CPU
		{703C4132-F10E-4E48-B4E9-36C9404CA231}.Debug|x64.Build.0 = Debug|Any CPU
		{703C4132-F10E-4E48-B4E9-36C9404CA231}.Debug|x86.ActiveCfg = Debug|Any CPU
		{703C4132-F10E-4E48-B4E9-36C9404CA231}.Debug|x86.Build.0 = Debug|Any CPU
		{703C4132-F10E-4E48-B4E9-36C9404CA231}.Release|Any CPU.ActiveCfg = Release|Any CPU
		{703C4132-F10E-4E48-B4E9-36C9404CA231}.Release|Any CPU.Build.0 = Release|Any CPU
		{703C4132-F10E-4E48-B4E9-36C9404CA231}.Release|x64.ActiveCfg = Release|Any CPU
		{703C4132-F10E-4E48-B4E9-36C9404CA231}.Release|x64.Build.0 = Release|Any CPU
		{703C4132-F10E-4E48-B4E9-36C9404CA231}.Release|x86.ActiveCfg = Release|Any CPU
		{703C4132-F10E-4E48-B4E9-36C9404CA231}.Release|x86.Build.0 = Release|Any CPU
		{F3C2A7A2-0FE1-444C-BB97-CE9E9065B922}.Debug|Any CPU.ActiveCfg = Debug|Any CPU
		{F3C2A7A2-0FE1-444C-BB97-CE9E9065B922}.Debug|Any CPU.Build.0 = Debug|Any CPU
		{F3C2A7A2-0FE1-444C-BB97-CE9E9065B922}.Debug|x64.ActiveCfg = Debug|Any CPU
		{F3C2A7A2-0FE1-444C-BB97-CE9E9065B922}.Debug|x64.Build.0 = Debug|Any CPU
		{F3C2A7A2-0FE1-444C-BB97-CE9E9065B922}.Debug|x86.ActiveCfg = Debug|Any CPU
		{F3C2A7A2-0FE1-444C-BB97-CE9E9065B922}.Debug|x86.Build.0 = Debug|Any CPU
		{F3C2A7A2-0FE1-444C-BB97-CE9E9065B922}.Release|Any CPU.ActiveCfg = Release|Any CPU
		{F3C2A7A2-0FE1-444C-BB97-CE9E9065B922}.Release|Any CPU.Build.0 = Release|Any CPU
		{F3C2A7A2-0FE1-444C-BB97-CE9E9065B922}.Release|x64.ActiveCfg = Release|Any CPU
		{F3C2A7A2-0FE1-444C-BB97-CE9E9065B922}.Release|x64.Build.0 = Release|Any CPU
		{F3C2A7A2-0FE1-444C-BB97-CE9E9065B922}.Release|x86.ActiveCfg = Release|Any CPU
		{F3C2A7A2-0FE1-444C-BB97-CE9E9065B922}.Release|x86.Build.0 = Release|Any CPU
	EndGlobalSection
	GlobalSection(SolutionProperties) = preSolution
		HideSolutionNode = FALSE
	EndGlobalSection
	GlobalSection(NestedProjects) = preSolution
		{E7F1FB5D-5D7B-49D1-8F44-C31B60A7E1DC} = {533070D1-2AFC-45E4-AFF6-EEC1C63A0297}
		{703C4132-F10E-4E48-B4E9-36C9404CA231} = {533070D1-2AFC-45E4-AFF6-EEC1C63A0297}
		{F3C2A7A2-0FE1-444C-BB97-CE9E9065B922} = {7DBA8FED-620C-4F4C-BC0B-4CAE21FADD63}
	EndGlobalSection
	GlobalSection(ExtensibilityGlobals) = postSolution
		SolutionGuid = {EB10C79D-E4DD-4E10-A9CB-8CAAAA064E29}
	EndGlobalSection
EndGlobal
